{
    "version": 3,
    "terraform_version": "0.11.8",
    "serial": 7,
    "lineage": "0d2790d1-ceca-a2e9-9e7e-81e5bcdf4a02",
    "modules": [
        {
            "path": [
                "root"
            ],
            "outputs": {},
            "resources": {},
            "depends_on": []
        },
        {
            "path": [
                "root",
                "hello_world"
            ],
            "outputs": {
                "ip": {
                    "sensitive": false,
                    "type": "string",
                    "value": "Hello-World-ALB-1907823952.us-east-1.elb.amazonaws.com"
                },
                "zone_id": {
                    "sensitive": false,
                    "type": "string",
                    "value": "Z35SXDOTRQ7X7K"
                }
            },
            "resources": {
                "aws_alb.hello_world_alb": {
                    "type": "aws_alb",
                    "depends_on": [
                        "aws_security_group.sg_allow_HTTP_from_LB",
                        "aws_security_group.sg_allow_http_https_all"
                    ],
                    "primary": {
                        "id": "arn:aws:elasticloadbalancing:us-east-1:982848110258:loadbalancer/app/Hello-World-ALB/97e580682afd041c",
                        "attributes": {
                            "access_logs.#": "0",
                            "arn": "arn:aws:elasticloadbalancing:us-east-1:982848110258:loadbalancer/app/Hello-World-ALB/97e580682afd041c",
                            "arn_suffix": "app/Hello-World-ALB/97e580682afd041c",
                            "dns_name": "Hello-World-ALB-1907823952.us-east-1.elb.amazonaws.com",
                            "enable_deletion_protection": "false",
                            "enable_http2": "true",
                            "id": "arn:aws:elasticloadbalancing:us-east-1:982848110258:loadbalancer/app/Hello-World-ALB/97e580682afd041c",
                            "idle_timeout": "60",
                            "internal": "false",
                            "ip_address_type": "ipv4",
                            "load_balancer_type": "application",
                            "name": "Hello-World-ALB",
                            "security_groups.#": "2",
                            "security_groups.3321359159": "sg-017f82e0c24e68706",
                            "security_groups.495559008": "sg-003cb7e736c98c5cf",
                            "subnet_mapping.#": "0",
                            "subnets.#": "2",
                            "subnets.3793076033": "subnet-dab5e7ad",
                            "subnets.75293658": "subnet-b88514dd",
                            "tags.%": "0",
                            "vpc_id": "vpc-fb84879e",
                            "zone_id": "Z35SXDOTRQ7X7K"
                        },
                        "meta": {
                            "e2bfb730-ecaa-11e6-8f88-34363bc7c4c0": {
                                "create": 600000000000,
                                "delete": 600000000000,
                                "update": 600000000000
                            }
                        },
                        "tainted": false
                    },
                    "deposed": [],
                    "provider": "provider.aws"
                },
                "aws_alb_listener.hello_world_alb_lis_443": {
                    "type": "aws_alb_listener",
                    "depends_on": [
                        "aws_alb.hello_world_alb",
                        "aws_alb_target_group.hello_world_alb_tar_grp"
                    ],
                    "primary": {
                        "id": "arn:aws:elasticloadbalancing:us-east-1:982848110258:listener/app/Hello-World-ALB/97e580682afd041c/b39251640169cb02",
                        "attributes": {
                            "arn": "arn:aws:elasticloadbalancing:us-east-1:982848110258:listener/app/Hello-World-ALB/97e580682afd041c/b39251640169cb02",
                            "certificate_arn": "arn:aws:acm:us-east-1:982848110258:certificate/5a5886e5-8b1e-4e24-951c-4f0c2edf305e",
                            "default_action.#": "1",
                            "default_action.0.fixed_response.#": "0",
                            "default_action.0.redirect.#": "0",
                            "default_action.0.target_group_arn": "arn:aws:elasticloadbalancing:us-east-1:982848110258:targetgroup/Hello-World-ALB-TG/25ce8b87bfae835a",
                            "default_action.0.type": "forward",
                            "id": "arn:aws:elasticloadbalancing:us-east-1:982848110258:listener/app/Hello-World-ALB/97e580682afd041c/b39251640169cb02",
                            "load_balancer_arn": "arn:aws:elasticloadbalancing:us-east-1:982848110258:loadbalancer/app/Hello-World-ALB/97e580682afd041c",
                            "port": "443",
                            "protocol": "HTTPS",
                            "ssl_policy": "ELBSecurityPolicy-2016-08"
                        },
                        "meta": {},
                        "tainted": false
                    },
                    "deposed": [],
                    "provider": "provider.aws"
                },
                "aws_alb_listener.hello_world_alb_lis_80": {
                    "type": "aws_alb_listener",
                    "depends_on": [
                        "aws_alb.hello_world_alb"
                    ],
                    "primary": {
                        "id": "arn:aws:elasticloadbalancing:us-east-1:982848110258:listener/app/Hello-World-ALB/97e580682afd041c/4075ece9a2b7d115",
                        "attributes": {
                            "arn": "arn:aws:elasticloadbalancing:us-east-1:982848110258:listener/app/Hello-World-ALB/97e580682afd041c/4075ece9a2b7d115",
                            "default_action.#": "1",
                            "default_action.0.fixed_response.#": "0",
                            "default_action.0.redirect.#": "1",
                            "default_action.0.redirect.0.host": "#{host}",
                            "default_action.0.redirect.0.path": "/#{path}",
                            "default_action.0.redirect.0.port": "443",
                            "default_action.0.redirect.0.protocol": "HTTPS",
                            "default_action.0.redirect.0.query": "#{query}",
                            "default_action.0.redirect.0.status_code": "HTTP_301",
                            "default_action.0.target_group_arn": "",
                            "default_action.0.type": "redirect",
                            "id": "arn:aws:elasticloadbalancing:us-east-1:982848110258:listener/app/Hello-World-ALB/97e580682afd041c/4075ece9a2b7d115",
                            "load_balancer_arn": "arn:aws:elasticloadbalancing:us-east-1:982848110258:loadbalancer/app/Hello-World-ALB/97e580682afd041c",
                            "port": "80",
                            "protocol": "HTTP",
                            "ssl_policy": ""
                        },
                        "meta": {},
                        "tainted": false
                    },
                    "deposed": [],
                    "provider": "provider.aws"
                },
                "aws_alb_target_group.hello_world_alb_tar_grp": {
                    "type": "aws_alb_target_group",
                    "depends_on": [],
                    "primary": {
                        "id": "arn:aws:elasticloadbalancing:us-east-1:982848110258:targetgroup/Hello-World-ALB-TG/25ce8b87bfae835a",
                        "attributes": {
                            "arn": "arn:aws:elasticloadbalancing:us-east-1:982848110258:targetgroup/Hello-World-ALB-TG/25ce8b87bfae835a",
                            "arn_suffix": "targetgroup/Hello-World-ALB-TG/25ce8b87bfae835a",
                            "deregistration_delay": "300",
                            "health_check.#": "1",
                            "health_check.0.healthy_threshold": "2",
                            "health_check.0.interval": "30",
                            "health_check.0.matcher": "200",
                            "health_check.0.path": "/",
                            "health_check.0.port": "traffic-port",
                            "health_check.0.protocol": "HTTP",
                            "health_check.0.timeout": "10",
                            "health_check.0.unhealthy_threshold": "4",
                            "id": "arn:aws:elasticloadbalancing:us-east-1:982848110258:targetgroup/Hello-World-ALB-TG/25ce8b87bfae835a",
                            "name": "Hello-World-ALB-TG",
                            "port": "80",
                            "protocol": "HTTP",
                            "proxy_protocol_v2": "false",
                            "slow_start": "0",
                            "stickiness.#": "1",
                            "stickiness.0.cookie_duration": "86400",
                            "stickiness.0.enabled": "false",
                            "stickiness.0.type": "lb_cookie",
                            "tags.%": "0",
                            "target_type": "instance",
                            "vpc_id": "vpc-fb84879e"
                        },
                        "meta": {},
                        "tainted": false
                    },
                    "deposed": [],
                    "provider": "provider.aws"
                },
                "aws_alb_target_group_attachment.hello_world_alb_tar_grp_attach": {
                    "type": "aws_alb_target_group_attachment",
                    "depends_on": [
                        "aws_alb_target_group.hello_world_alb_tar_grp",
                        "aws_spot_instance_request.instances.*"
                    ],
                    "primary": {
                        "id": "arn:aws:elasticloadbalancing:us-east-1:982848110258:targetgroup/Hello-World-ALB-TG/25ce8b87bfae835a-20180917142046317100000001",
                        "attributes": {
                            "id": "arn:aws:elasticloadbalancing:us-east-1:982848110258:targetgroup/Hello-World-ALB-TG/25ce8b87bfae835a-20180917142046317100000001",
                            "port": "80",
                            "target_group_arn": "arn:aws:elasticloadbalancing:us-east-1:982848110258:targetgroup/Hello-World-ALB-TG/25ce8b87bfae835a",
                            "target_id": "i-0ede61de47e63fe55"
                        },
                        "meta": {},
                        "tainted": false
                    },
                    "deposed": [],
                    "provider": "provider.aws"
                },
                "aws_security_group.sg_allow_HTTP_from_LB": {
                    "type": "aws_security_group",
                    "depends_on": [],
                    "primary": {
                        "id": "sg-003cb7e736c98c5cf",
                        "attributes": {
                            "arn": "arn:aws:ec2:us-east-1:982848110258:security-group/sg-003cb7e736c98c5cf",
                            "description": "Security Group",
                            "egress.#": "1",
                            "egress.1844393598.cidr_blocks.#": "0",
                            "egress.1844393598.description": "",
                            "egress.1844393598.from_port": "80",
                            "egress.1844393598.ipv6_cidr_blocks.#": "0",
                            "egress.1844393598.prefix_list_ids.#": "0",
                            "egress.1844393598.protocol": "tcp",
                            "egress.1844393598.security_groups.#": "0",
                            "egress.1844393598.self": "true",
                            "egress.1844393598.to_port": "80",
                            "id": "sg-003cb7e736c98c5cf",
                            "ingress.#": "1",
                            "ingress.1844393598.cidr_blocks.#": "0",
                            "ingress.1844393598.description": "",
                            "ingress.1844393598.from_port": "80",
                            "ingress.1844393598.ipv6_cidr_blocks.#": "0",
                            "ingress.1844393598.protocol": "tcp",
                            "ingress.1844393598.security_groups.#": "0",
                            "ingress.1844393598.self": "true",
                            "ingress.1844393598.to_port": "80",
                            "name": "sg_allow_lb_http",
                            "owner_id": "982848110258",
                            "revoke_rules_on_delete": "false",
                            "tags.%": "0",
                            "vpc_id": "vpc-fb84879e"
                        },
                        "meta": {
                            "e2bfb730-ecaa-11e6-8f88-34363bc7c4c0": {
                                "create": 600000000000,
                                "delete": 600000000000
                            },
                            "schema_version": "1"
                        },
                        "tainted": false
                    },
                    "deposed": [],
                    "provider": "provider.aws"
                },
                "aws_security_group.sg_allow_all_out": {
                    "type": "aws_security_group",
                    "depends_on": [],
                    "primary": {
                        "id": "sg-0a6d3a5d2193b87c3",
                        "attributes": {
                            "arn": "arn:aws:ec2:us-east-1:982848110258:security-group/sg-0a6d3a5d2193b87c3",
                            "description": "Security Group",
                            "egress.#": "2",
                            "egress.1403647648.cidr_blocks.#": "1",
                            "egress.1403647648.cidr_blocks.0": "0.0.0.0/0",
                            "egress.1403647648.description": "",
                            "egress.1403647648.from_port": "0",
                            "egress.1403647648.ipv6_cidr_blocks.#": "0",
                            "egress.1403647648.prefix_list_ids.#": "0",
                            "egress.1403647648.protocol": "tcp",
                            "egress.1403647648.security_groups.#": "0",
                            "egress.1403647648.self": "false",
                            "egress.1403647648.to_port": "65535",
                            "egress.2096121517.cidr_blocks.#": "1",
                            "egress.2096121517.cidr_blocks.0": "0.0.0.0/0",
                            "egress.2096121517.description": "",
                            "egress.2096121517.from_port": "0",
                            "egress.2096121517.ipv6_cidr_blocks.#": "0",
                            "egress.2096121517.prefix_list_ids.#": "0",
                            "egress.2096121517.protocol": "udp",
                            "egress.2096121517.security_groups.#": "0",
                            "egress.2096121517.self": "false",
                            "egress.2096121517.to_port": "65535",
                            "id": "sg-0a6d3a5d2193b87c3",
                            "ingress.#": "0",
                            "name": "sg_allow_all_out",
                            "owner_id": "982848110258",
                            "revoke_rules_on_delete": "false",
                            "tags.%": "0",
                            "vpc_id": "vpc-fb84879e"
                        },
                        "meta": {
                            "e2bfb730-ecaa-11e6-8f88-34363bc7c4c0": {
                                "create": 600000000000,
                                "delete": 600000000000
                            },
                            "schema_version": "1"
                        },
                        "tainted": false
                    },
                    "deposed": [],
                    "provider": "provider.aws"
                },
                "aws_security_group.sg_allow_http_https_all": {
                    "type": "aws_security_group",
                    "depends_on": [],
                    "primary": {
                        "id": "sg-017f82e0c24e68706",
                        "attributes": {
                            "arn": "arn:aws:ec2:us-east-1:982848110258:security-group/sg-017f82e0c24e68706",
                            "description": "Security Group",
                            "egress.#": "0",
                            "id": "sg-017f82e0c24e68706",
                            "ingress.#": "2",
                            "ingress.2214680975.cidr_blocks.#": "1",
                            "ingress.2214680975.cidr_blocks.0": "0.0.0.0/0",
                            "ingress.2214680975.description": "",
                            "ingress.2214680975.from_port": "80",
                            "ingress.2214680975.ipv6_cidr_blocks.#": "0",
                            "ingress.2214680975.protocol": "tcp",
                            "ingress.2214680975.security_groups.#": "0",
                            "ingress.2214680975.self": "false",
                            "ingress.2214680975.to_port": "80",
                            "ingress.2617001939.cidr_blocks.#": "1",
                            "ingress.2617001939.cidr_blocks.0": "0.0.0.0/0",
                            "ingress.2617001939.description": "",
                            "ingress.2617001939.from_port": "443",
                            "ingress.2617001939.ipv6_cidr_blocks.#": "0",
                            "ingress.2617001939.protocol": "tcp",
                            "ingress.2617001939.security_groups.#": "0",
                            "ingress.2617001939.self": "false",
                            "ingress.2617001939.to_port": "443",
                            "name": "sg_allow_all_web",
                            "owner_id": "982848110258",
                            "revoke_rules_on_delete": "false",
                            "tags.%": "0",
                            "vpc_id": "vpc-fb84879e"
                        },
                        "meta": {
                            "e2bfb730-ecaa-11e6-8f88-34363bc7c4c0": {
                                "create": 600000000000,
                                "delete": 600000000000
                            },
                            "schema_version": "1"
                        },
                        "tainted": false
                    },
                    "deposed": [],
                    "provider": "provider.aws"
                },
                "aws_security_group.sg_allow_tim_home_rdp": {
                    "type": "aws_security_group",
                    "depends_on": [],
                    "primary": {
                        "id": "sg-05c9c28ed57ab30cd",
                        "attributes": {
                            "arn": "arn:aws:ec2:us-east-1:982848110258:security-group/sg-05c9c28ed57ab30cd",
                            "description": "Security Group",
                            "egress.#": "0",
                            "id": "sg-05c9c28ed57ab30cd",
                            "ingress.#": "1",
                            "ingress.2055252359.cidr_blocks.#": "1",
                            "ingress.2055252359.cidr_blocks.0": "100.14.74.73/32",
                            "ingress.2055252359.description": "",
                            "ingress.2055252359.from_port": "3389",
                            "ingress.2055252359.ipv6_cidr_blocks.#": "0",
                            "ingress.2055252359.protocol": "tcp",
                            "ingress.2055252359.security_groups.#": "0",
                            "ingress.2055252359.self": "false",
                            "ingress.2055252359.to_port": "3389",
                            "name": "sg_allow_tim_home_rdp",
                            "owner_id": "982848110258",
                            "revoke_rules_on_delete": "false",
                            "tags.%": "0",
                            "vpc_id": "vpc-fb84879e"
                        },
                        "meta": {
                            "e2bfb730-ecaa-11e6-8f88-34363bc7c4c0": {
                                "create": 600000000000,
                                "delete": 600000000000
                            },
                            "schema_version": "1"
                        },
                        "tainted": false
                    },
                    "deposed": [],
                    "provider": "provider.aws"
                },
                "aws_security_group_rule.HTTPS_in_from_world": {
                    "type": "aws_security_group_rule",
                    "depends_on": [
                        "aws_security_group.sg_allow_http_https_all"
                    ],
                    "primary": {
                        "id": "sgrule-2300037446",
                        "attributes": {
                            "cidr_blocks.#": "1",
                            "cidr_blocks.0": "0.0.0.0/0",
                            "description": "",
                            "from_port": "443",
                            "id": "sgrule-2300037446",
                            "ipv6_cidr_blocks.#": "0",
                            "prefix_list_ids.#": "0",
                            "protocol": "tcp",
                            "security_group_id": "sg-017f82e0c24e68706",
                            "self": "false",
                            "to_port": "443",
                            "type": "ingress"
                        },
                        "meta": {
                            "schema_version": "2"
                        },
                        "tainted": false
                    },
                    "deposed": [],
                    "provider": "provider.aws"
                },
                "aws_security_group_rule.HTTP_in_from_world": {
                    "type": "aws_security_group_rule",
                    "depends_on": [
                        "aws_security_group.sg_allow_http_https_all"
                    ],
                    "primary": {
                        "id": "sgrule-161292735",
                        "attributes": {
                            "cidr_blocks.#": "1",
                            "cidr_blocks.0": "0.0.0.0/0",
                            "description": "",
                            "from_port": "80",
                            "id": "sgrule-161292735",
                            "ipv6_cidr_blocks.#": "0",
                            "prefix_list_ids.#": "0",
                            "protocol": "tcp",
                            "security_group_id": "sg-017f82e0c24e68706",
                            "self": "false",
                            "to_port": "80",
                            "type": "ingress"
                        },
                        "meta": {
                            "schema_version": "2"
                        },
                        "tainted": false
                    },
                    "deposed": [],
                    "provider": "provider.aws"
                },
                "aws_security_group_rule.RDP_in_for_tim": {
                    "type": "aws_security_group_rule",
                    "depends_on": [
                        "aws_security_group.sg_allow_tim_home_rdp"
                    ],
                    "primary": {
                        "id": "sgrule-4056508655",
                        "attributes": {
                            "cidr_blocks.#": "1",
                            "cidr_blocks.0": "100.14.74.73/32",
                            "description": "",
                            "from_port": "3389",
                            "id": "sgrule-4056508655",
                            "ipv6_cidr_blocks.#": "0",
                            "prefix_list_ids.#": "0",
                            "protocol": "tcp",
                            "security_group_id": "sg-05c9c28ed57ab30cd",
                            "self": "false",
                            "to_port": "3389",
                            "type": "ingress"
                        },
                        "meta": {
                            "schema_version": "2"
                        },
                        "tainted": false
                    },
                    "deposed": [],
                    "provider": "provider.aws"
                },
                "aws_security_group_rule.all_http_from_lb": {
                    "type": "aws_security_group_rule",
                    "depends_on": [
                        "aws_security_group.sg_allow_HTTP_from_LB"
                    ],
                    "primary": {
                        "id": "sgrule-3354382925",
                        "attributes": {
                            "cidr_blocks.#": "0",
                            "description": "",
                            "from_port": "80",
                            "id": "sgrule-3354382925",
                            "ipv6_cidr_blocks.#": "0",
                            "prefix_list_ids.#": "0",
                            "protocol": "tcp",
                            "security_group_id": "sg-003cb7e736c98c5cf",
                            "self": "false",
                            "source_security_group_id": "sg-003cb7e736c98c5cf",
                            "to_port": "80",
                            "type": "ingress"
                        },
                        "meta": {
                            "schema_version": "2"
                        },
                        "tainted": false
                    },
                    "deposed": [],
                    "provider": "provider.aws"
                },
                "aws_security_group_rule.all_http_from_lb_2": {
                    "type": "aws_security_group_rule",
                    "depends_on": [
                        "aws_security_group.sg_allow_HTTP_from_LB"
                    ],
                    "primary": {
                        "id": "sgrule-2459809869",
                        "attributes": {
                            "cidr_blocks.#": "0",
                            "description": "",
                            "from_port": "80",
                            "id": "sgrule-2459809869",
                            "ipv6_cidr_blocks.#": "0",
                            "prefix_list_ids.#": "0",
                            "protocol": "tcp",
                            "security_group_id": "sg-003cb7e736c98c5cf",
                            "self": "false",
                            "source_security_group_id": "sg-003cb7e736c98c5cf",
                            "to_port": "80",
                            "type": "egress"
                        },
                        "meta": {
                            "schema_version": "2"
                        },
                        "tainted": false
                    },
                    "deposed": [],
                    "provider": "provider.aws"
                },
                "aws_security_group_rule.all_tcp_to_world": {
                    "type": "aws_security_group_rule",
                    "depends_on": [
                        "aws_security_group.sg_allow_all_out"
                    ],
                    "primary": {
                        "id": "sgrule-1257240047",
                        "attributes": {
                            "cidr_blocks.#": "1",
                            "cidr_blocks.0": "0.0.0.0/0",
                            "description": "",
                            "from_port": "0",
                            "id": "sgrule-1257240047",
                            "ipv6_cidr_blocks.#": "0",
                            "prefix_list_ids.#": "0",
                            "protocol": "tcp",
                            "security_group_id": "sg-0a6d3a5d2193b87c3",
                            "self": "false",
                            "to_port": "65535",
                            "type": "egress"
                        },
                        "meta": {
                            "schema_version": "2"
                        },
                        "tainted": false
                    },
                    "deposed": [],
                    "provider": "provider.aws"
                },
                "aws_security_group_rule.all_udp_to_world": {
                    "type": "aws_security_group_rule",
                    "depends_on": [
                        "aws_security_group.sg_allow_all_out"
                    ],
                    "primary": {
                        "id": "sgrule-879874274",
                        "attributes": {
                            "cidr_blocks.#": "1",
                            "cidr_blocks.0": "0.0.0.0/0",
                            "description": "",
                            "from_port": "0",
                            "id": "sgrule-879874274",
                            "ipv6_cidr_blocks.#": "0",
                            "prefix_list_ids.#": "0",
                            "protocol": "udp",
                            "security_group_id": "sg-0a6d3a5d2193b87c3",
                            "self": "false",
                            "to_port": "65535",
                            "type": "egress"
                        },
                        "meta": {
                            "schema_version": "2"
                        },
                        "tainted": false
                    },
                    "deposed": [],
                    "provider": "provider.aws"
                },
                "aws_spot_instance_request.instances": {
                    "type": "aws_spot_instance_request",
                    "depends_on": [
                        "aws_security_group.sg_allow_HTTP_from_LB",
                        "aws_security_group.sg_allow_all_out",
                        "aws_security_group.sg_allow_tim_home_rdp"
                    ],
                    "primary": {
                        "id": "sir-424i67tg",
                        "attributes": {
                            "ami": "ami-0b7b74ba8473ec232",
                            "associate_public_ip_address": "true",
                            "block_duration_minutes": "0",
                            "ebs_block_device.#": "0",
                            "ephemeral_block_device.#": "0",
                            "get_password_data": "false",
                            "id": "sir-424i67tg",
                            "instance_interruption_behaviour": "terminate",
                            "instance_type": "t3.medium",
                            "ipv6_address_count": "0",
                            "ipv6_addresses.#": "0",
                            "key_name": "default",
                            "launch_group": "",
                            "network_interface.#": "0",
                            "network_interface_id": "eni-00e8cfa4d853946b8",
                            "password_data": "",
                            "private_dns": "ip-172-31-77-99.ec2.internal",
                            "private_ip": "172.31.77.99",
                            "public_dns": "ec2-18-234-255-40.compute-1.amazonaws.com",
                            "public_ip": "18.234.255.40",
                            "root_block_device.#": "1",
                            "root_block_device.0.delete_on_termination": "true",
                            "root_block_device.0.iops": "0",
                            "root_block_device.0.volume_id": "vol-08dbe883483be82dd",
                            "root_block_device.0.volume_size": "32",
                            "root_block_device.0.volume_type": "standard",
                            "security_groups.#": "0",
                            "source_dest_check": "true",
                            "spot_bid_status": "fulfilled",
                            "spot_instance_id": "i-0ede61de47e63fe55",
                            "spot_price": "0.0125",
                            "spot_request_state": "active",
                            "spot_type": "one-time",
                            "subnet_id": "subnet-b88514dd",
                            "tags.%": "0",
                            "user_data": "8e14555e01a985adf452bceb97a646ed47772017",
                            "valid_from": "0001-01-01T00:00:00Z",
                            "valid_until": "2018-09-24T14:17:20Z",
                            "vpc_security_group_ids.#": "3",
                            "vpc_security_group_ids.1302313904": "sg-0a6d3a5d2193b87c3",
                            "vpc_security_group_ids.2837182188": "sg-05c9c28ed57ab30cd",
                            "vpc_security_group_ids.495559008": "sg-003cb7e736c98c5cf",
                            "wait_for_fulfillment": "true"
                        },
                        "meta": {
                            "e2bfb730-ecaa-11e6-8f88-34363bc7c4c0": {
                                "create": 600000000000,
                                "delete": 1200000000000
                            }
                        },
                        "tainted": false
                    },
                    "deposed": [],
                    "provider": "provider.aws"
                }
            },
            "depends_on": []
        },
        {
            "path": [
                "root",
                "route53-server-name"
            ],
            "outputs": {},
            "resources": {
                "aws_route53_record.this": {
                    "type": "aws_route53_record",
                    "depends_on": [
                        "data.aws_route53_zone.this"
                    ],
                    "primary": {
                        "id": "Z30KW5ZYTURBQ8__A",
                        "attributes": {
                            "alias.#": "1",
                            "alias.27746761.evaluate_target_health": "true",
                            "alias.27746761.name": "hello-world-alb-1907823952.us-east-1.elb.amazonaws.com",
                            "alias.27746761.zone_id": "Z35SXDOTRQ7X7K",
                            "allow_overwrite": "true",
                            "fqdn": "tkidd.tk",
                            "health_check_id": "",
                            "id": "Z30KW5ZYTURBQ8__A",
                            "records.#": "0",
                            "set_identifier": "",
                            "ttl": "0",
                            "type": "A",
                            "zone_id": "Z30KW5ZYTURBQ8"
                        },
                        "meta": {
                            "schema_version": "2"
                        },
                        "tainted": false
                    },
                    "deposed": [],
                    "provider": "provider.aws"
                },
                "data.aws_route53_zone.this": {
                    "type": "aws_route53_zone",
                    "depends_on": [],
                    "primary": {
                        "id": "Z30KW5ZYTURBQ8",
                        "attributes": {
                            "caller_reference": "5A78C61D-6C72-287E-8331-F69D70FE56DF",
                            "comment": "",
                            "id": "Z30KW5ZYTURBQ8",
                            "name": "tkidd.tk.",
                            "name_servers.#": "4",
                            "name_servers.0": "ns-1982.awsdns-55.co.uk",
                            "name_servers.1": "ns-279.awsdns-34.com",
                            "name_servers.2": "ns-899.awsdns-48.net",
                            "name_servers.3": "ns-1357.awsdns-41.org",
                            "private_zone": "false",
                            "resource_record_set_count": "4",
                            "zone_id": "Z30KW5ZYTURBQ8"
                        },
                        "meta": {},
                        "tainted": false
                    },
                    "deposed": [],
                    "provider": "provider.aws"
                }
            },
            "depends_on": []
        }
    ]
}
